<?xml version="1.0" encoding="utf-8"?>
<Project ToolsVersion="4.0" xmlns="http://schemas.microsoft.com/developer/msbuild/2003">
  <ItemGroup>
    <Filter Include="Source Files">
      <UniqueIdentifier>{4FC737F1-C7A5-4376-A066-2A32D752A2FF}</UniqueIdentifier>
      <Extensions>cpp;c;cc;cxx;c++;cppm;ixx;def;odl;idl;hpj;bat;asm;asmx</Extensions>
    </Filter>
    <Filter Include="Header Files">
      <UniqueIdentifier>{93995380-89BD-4b04-88EB-625FBE52EBFB}</UniqueIdentifier>
      <Extensions>h;hh;hpp;hxx;h++;hm;inl;inc;ipp;xsd</Extensions>
    </Filter>
    <Filter Include="Resource Files">
      <UniqueIdentifier>{67DA6AB6-F800-4c08-8B7A-83BB121AAD01}</UniqueIdentifier>
      <Extensions>rc;ico;cur;bmp;dlg;rc2;rct;bin;rgs;gif;jpg;jpeg;jpe;resx;tiff;tif;png;wav;mfcribbon-ms</Extensions>
    </Filter>
    <Filter Include="Header Files\GameStates">
      <UniqueIdentifier>{e7115fdb-d8c7-4fce-8dff-6a7199c3b08f}</UniqueIdentifier>
    </Filter>
    <Filter Include="Source Files\GameStates">
      <UniqueIdentifier>{337d211a-af8c-4896-a98c-3fe10af36e5b}</UniqueIdentifier>
    </Filter>
    <Filter Include="Header Files\InputHandlers">
      <UniqueIdentifier>{d71025c1-19cf-46e0-8415-5a36c300b5a3}</UniqueIdentifier>
    </Filter>
    <Filter Include="Source Files\InputHandlers">
      <UniqueIdentifier>{358ff6da-c4ec-4995-b740-da9efc474f8e}</UniqueIdentifier>
    </Filter>
    <Filter Include="Header Files\Menu">
      <UniqueIdentifier>{9309537b-d3f1-45e8-b94d-bbbb703aa49a}</UniqueIdentifier>
    </Filter>
    <Filter Include="Source Files\Menu">
      <UniqueIdentifier>{bab85d96-fa9b-486c-a193-9dec5e5d7d13}</UniqueIdentifier>
    </Filter>
    <Filter Include="Header Files\Interfaces and abstract classes">
      <UniqueIdentifier>{c2ef2c5f-4fda-48d4-ac9a-a13dc8fc804d}</UniqueIdentifier>
    </Filter>
    <Filter Include="Source Files\Interfaces and abstract classes">
      <UniqueIdentifier>{7d78b36c-9bce-4dec-beee-3b54ed515b76}</UniqueIdentifier>
    </Filter>
  </ItemGroup>
  <ItemGroup>
    <ClCompile Include="main.cpp">
      <Filter>Source Files</Filter>
    </ClCompile>
    <ClCompile Include="Game.cpp">
      <Filter>Source Files</Filter>
    </ClCompile>
    <ClCompile Include="PlayingState.cpp">
      <Filter>Source Files\GameStates</Filter>
    </ClCompile>
    <ClCompile Include="Utility.cpp">
      <Filter>Source Files</Filter>
    </ClCompile>
    <ClCompile Include="BaseInputHandler.cpp">
      <Filter>Source Files\InputHandlers</Filter>
    </ClCompile>
    <ClCompile Include="PlayingInputHandler.cpp">
      <Filter>Source Files\InputHandlers</Filter>
    </ClCompile>
    <ClCompile Include="GameWorld.cpp">
      <Filter>Source Files</Filter>
    </ClCompile>
    <ClCompile Include="GeneralMenu.cpp">
      <Filter>Source Files\Menu</Filter>
    </ClCompile>
    <ClCompile Include="MainMenuState.cpp">
      <Filter>Source Files\GameStates</Filter>
    </ClCompile>
    <ClCompile Include="MainMenu.cpp">
      <Filter>Source Files\Menu</Filter>
    </ClCompile>
    <ClCompile Include="BaseMenuInputHandler.cpp">
      <Filter>Source Files\InputHandlers</Filter>
    </ClCompile>
    <ClCompile Include="BaseState.cpp">
      <Filter>Source Files\GameStates</Filter>
    </ClCompile>
    <ClCompile Include="Application.cpp">
      <Filter>Source Files</Filter>
    </ClCompile>
    <ClCompile Include="IListDrawable.cpp">
      <Filter>Source Files\Interfaces and abstract classes</Filter>
    </ClCompile>
    <ClCompile Include="IDelayedAction.cpp">
      <Filter>Source Files\Interfaces and abstract classes</Filter>
    </ClCompile>
    <ClCompile Include="IObserver.cpp">
      <Filter>Source Files\Interfaces and abstract classes</Filter>
    </ClCompile>
  </ItemGroup>
  <ItemGroup>
    <ClInclude Include="Application.h">
      <Filter>Header Files</Filter>
    </ClInclude>
    <ClInclude Include="Game.h">
      <Filter>Header Files</Filter>
    </ClInclude>
    <ClInclude Include="GameWorld.h">
      <Filter>Header Files</Filter>
    </ClInclude>
    <ClInclude Include="Utility.h">
      <Filter>Header Files</Filter>
    </ClInclude>
    <ClInclude Include="BaseState.h">
      <Filter>Header Files\GameStates</Filter>
    </ClInclude>
    <ClInclude Include="PlayingState.h">
      <Filter>Header Files\GameStates</Filter>
    </ClInclude>
    <ClInclude Include="BaseInputHandler.h">
      <Filter>Header Files\InputHandlers</Filter>
    </ClInclude>
    <ClInclude Include="PlayingInputHandler.h">
      <Filter>Header Files\InputHandlers</Filter>
    </ClInclude>
    <ClInclude Include="GeneralMenu.h">
      <Filter>Header Files\Menu</Filter>
    </ClInclude>
    <ClInclude Include="MainMenuState.h">
      <Filter>Header Files\GameStates</Filter>
    </ClInclude>
    <ClInclude Include="MainMenu.h">
      <Filter>Header Files\Menu</Filter>
    </ClInclude>
    <ClInclude Include="BaseMenuInputHandler.h">
      <Filter>Header Files\InputHandlers</Filter>
    </ClInclude>
    <ClInclude Include="Randomizer.h">
      <Filter>Header Files</Filter>
    </ClInclude>
    <ClInclude Include="IDelayedAction.h">
      <Filter>Header Files\Interfaces and abstract classes</Filter>
    </ClInclude>
    <ClInclude Include="IListDrawable.h">
      <Filter>Header Files\Interfaces and abstract classes</Filter>
    </ClInclude>
    <ClInclude Include="IObserver.h">
      <Filter>Header Files\Interfaces and abstract classes</Filter>
    </ClInclude>
    <ClInclude Include="ISaveable.h">
      <Filter>Header Files\Interfaces and abstract classes</Filter>
    </ClInclude>
  </ItemGroup>
</Project>